
Microsoft Visual Studio Solution File, Format Version 12.00
# Visual Studio Version 17
VisualStudioVersion = 17.7.34202.233
MinimumVisualStudioVersion = 10.0.40219.1
Project("{9A19103F-16F7-4668-BE54-9A1E7A4F7556}") = "E-Student", "E-Student.csproj", "{6255BE5B-A73A-4589-9D68-44942A56E99B}"
EndProject
Global
	GlobalSection(SolutionConfigurationPlatforms) = preSolution
		Debug|Any CPU = Debug|Any CPU
		Release|Any CPU = Release|Any CPU
	EndGlobalSection
	GlobalSection(ProjectConfigurationPlatforms) = postSolution
		{6255BE5B-A73A-4589-9D68-44942A56E99B}.Debug|Any CPU.ActiveCfg = Debug|Any CPU
		{6255BE5B-A73A-4589-9D68-44942A56E99B}.Debug|Any CPU.Build.0 = Debug|Any CPU
		{6255BE5B-A73A-4589-9D68-44942A56E99B}.Release|Any CPU.ActiveCfg = Release|Any CPU
		{6255BE5B-A73A-4589-9D68-44942A56E99B}.Release|Any CPU.Build.0 = Release|Any CPU
	EndGlobalSection
	GlobalSection(SolutionProperties) = preSolution
		HideSolutionNode = FALSE
	EndGlobalSection
	GlobalSection(ExtensibilityGlobals) = postSolution
		SolutionGuid = {015A4F33-60AB-4275-8D01-749F221C5B24}
	EndGlobalSection
EndGlobal
